
Microsoft Visual Studio Solution File, Format Version 11.00
# Visual Studio 2010
Project("{FAE04EC0-301F-11D3-BF4B-00C04F79EFBC}") = "TesteBenerWeb", "TesteBenerWeb\TesteBenerWeb.csproj", "{755B0FEE-0F34-4C40-BEBA-1531A2CD8B95}"
EndProject
Project("{FAE04EC0-301F-11D3-BF4B-00C04F79EFBC}") = "TesteBenerWeb.Tests", "TesteBenerWeb.Tests\TesteBenerWeb.Tests.csproj", "{BB1DAAD3-10FE-400F-9BC1-98DB067A61F1}"
EndProject
Project("{FAE04EC0-301F-11D3-BF4B-00C04F79EFBC}") = "Domain", "Domain\Domain.csproj", "{FBFFF499-0282-417D-B270-4288A939452B}"
EndProject
Project("{FAE04EC0-301F-11D3-BF4B-00C04F79EFBC}") = "Infrastructure", "Infrastructure\Infrastructure.csproj", "{29FC5C92-BD63-460E-8F7B-DEA345D6900C}"
EndProject
Global
	GlobalSection(SolutionConfigurationPlatforms) = preSolution
		Debug|Any CPU = Debug|Any CPU
		Release|Any CPU = Release|Any CPU
	EndGlobalSection
	GlobalSection(ProjectConfigurationPlatforms) = postSolution
		{755B0FEE-0F34-4C40-BEBA-1531A2CD8B95}.Debug|Any CPU.ActiveCfg = Debug|Any CPU
		{755B0FEE-0F34-4C40-BEBA-1531A2CD8B95}.Debug|Any CPU.Build.0 = Debug|Any CPU
		{755B0FEE-0F34-4C40-BEBA-1531A2CD8B95}.Release|Any CPU.ActiveCfg = Release|Any CPU
		{755B0FEE-0F34-4C40-BEBA-1531A2CD8B95}.Release|Any CPU.Build.0 = Release|Any CPU
		{BB1DAAD3-10FE-400F-9BC1-98DB067A61F1}.Debug|Any CPU.ActiveCfg = Debug|Any CPU
		{BB1DAAD3-10FE-400F-9BC1-98DB067A61F1}.Debug|Any CPU.Build.0 = Debug|Any CPU
		{BB1DAAD3-10FE-400F-9BC1-98DB067A61F1}.Release|Any CPU.ActiveCfg = Release|Any CPU
		{BB1DAAD3-10FE-400F-9BC1-98DB067A61F1}.Release|Any CPU.Build.0 = Release|Any CPU
		{FBFFF499-0282-417D-B270-4288A939452B}.Debug|Any CPU.ActiveCfg = Debug|Any CPU
		{FBFFF499-0282-417D-B270-4288A939452B}.Debug|Any CPU.Build.0 = Debug|Any CPU
		{FBFFF499-0282-417D-B270-4288A939452B}.Release|Any CPU.ActiveCfg = Release|Any CPU
		{FBFFF499-0282-417D-B270-4288A939452B}.Release|Any CPU.Build.0 = Release|Any CPU
		{29FC5C92-BD63-460E-8F7B-DEA345D6900C}.Debug|Any CPU.ActiveCfg = Debug|Any CPU
		{29FC5C92-BD63-460E-8F7B-DEA345D6900C}.Debug|Any CPU.Build.0 = Debug|Any CPU
		{29FC5C92-BD63-460E-8F7B-DEA345D6900C}.Release|Any CPU.ActiveCfg = Release|Any CPU
		{29FC5C92-BD63-460E-8F7B-DEA345D6900C}.Release|Any CPU.Build.0 = Release|Any CPU
	EndGlobalSection
	GlobalSection(SolutionProperties) = preSolution
		HideSolutionNode = FALSE
	EndGlobalSection
EndGlobal
